
Microsoft Visual Studio Solution File, Format Version 12.00
# Visual Studio Version 16
VisualStudioVersion = 16.0.31129.286
MinimumVisualStudioVersion = 15.0.26124.0
Project("{9A19103F-16F7-4668-BE54-9A1E7A4F7556}") = "CSYetiTools.Commandlet", "CSYetiTools.Commandlet\CSYetiTools.Commandlet.csproj", "{7AD6551B-779B-4091-A72A-17F6E8170A66}"
EndProject
Project("{9A19103F-16F7-4668-BE54-9A1E7A4F7556}") = "CSYetiTools.Base", "CSYetiTools.Base\CSYetiTools.Base.csproj", "{ABC42254-E13C-4EE2-B2F0-0AADC4D96636}"
EndProject
Project("{9A19103F-16F7-4668-BE54-9A1E7A4F7556}") = "CSYetiTools.VnScripts", "CSYetiTools.VnScripts\CSYetiTools.VnScripts.csproj", "{7B11F787-75AB-496B-B510-53475B5C4E8E}"
EndProject
Project("{9A19103F-16F7-4668-BE54-9A1E7A4F7556}") = "CSYetiTools.BranchViewer", "CSYetiTools.BranchViewer\CSYetiTools.BranchViewer.csproj", "{979A5BB8-D53C-4D1D-AB29-ADD7FACE25A2}"
EndProject
Global
	GlobalSection(SolutionConfigurationPlatforms) = preSolution
		Debug|Any CPU = Debug|Any CPU
		Debug|x64 = Debug|x64
		Debug|x86 = Debug|x86
		Release|Any CPU = Release|Any CPU
		Release|x64 = Release|x64
		Release|x86 = Release|x86
	EndGlobalSection
	GlobalSection(ProjectConfigurationPlatforms) = postSolution
		{7AD6551B-779B-4091-A72A-17F6E8170A66}.Debug|Any CPU.ActiveCfg = Debug|Any CPU
		{7AD6551B-779B-4091-A72A-17F6E8170A66}.Debug|Any CPU.Build.0 = Debug|Any CPU
		{7AD6551B-779B-4091-A72A-17F6E8170A66}.Debug|x64.ActiveCfg = Debug|Any CPU
		{7AD6551B-779B-4091-A72A-17F6E8170A66}.Debug|x64.Build.0 = Debug|Any CPU
		{7AD6551B-779B-4091-A72A-17F6E8170A66}.Debug|x86.ActiveCfg = Debug|Any CPU
		{7AD6551B-779B-4091-A72A-17F6E8170A66}.Debug|x86.Build.0 = Debug|Any CPU
		{7AD6551B-779B-4091-A72A-17F6E8170A66}.Release|Any CPU.ActiveCfg = Release|Any CPU
		{7AD6551B-779B-4091-A72A-17F6E8170A66}.Release|Any CPU.Build.0 = Release|Any CPU
		{7AD6551B-779B-4091-A72A-17F6E8170A66}.Release|x64.ActiveCfg = Release|Any CPU
		{7AD6551B-779B-4091-A72A-17F6E8170A66}.Release|x64.Build.0 = Release|Any CPU
		{7AD6551B-779B-4091-A72A-17F6E8170A66}.Release|x86.ActiveCfg = Release|Any CPU
		{7AD6551B-779B-4091-A72A-17F6E8170A66}.Release|x86.Build.0 = Release|Any CPU
		{ABC42254-E13C-4EE2-B2F0-0AADC4D96636}.Debug|Any CPU.ActiveCfg = Debug|Any CPU
		{ABC42254-E13C-4EE2-B2F0-0AADC4D96636}.Debug|Any CPU.Build.0 = Debug|Any CPU
		{ABC42254-E13C-4EE2-B2F0-0AADC4D96636}.Debug|x64.ActiveCfg = Debug|Any CPU
		{ABC42254-E13C-4EE2-B2F0-0AADC4D96636}.Debug|x64.Build.0 = Debug|Any CPU
		{ABC42254-E13C-4EE2-B2F0-0AADC4D96636}.Debug|x86.ActiveCfg = Debug|Any CPU
		{ABC42254-E13C-4EE2-B2F0-0AADC4D96636}.Debug|x86.Build.0 = Debug|Any CPU
		{ABC42254-E13C-4EE2-B2F0-0AADC4D96636}.Release|Any CPU.ActiveCfg = Release|Any CPU
		{ABC42254-E13C-4EE2-B2F0-0AADC4D96636}.Release|Any CPU.Build.0 = Release|Any CPU
		{ABC42254-E13C-4EE2-B2F0-0AADC4D96636}.Release|x64.ActiveCfg = Release|Any CPU
		{ABC42254-E13C-4EE2-B2F0-0AADC4D96636}.Release|x64.Build.0 = Release|Any CPU
		{ABC42254-E13C-4EE2-B2F0-0AADC4D96636}.Release|x86.ActiveCfg = Release|Any CPU
		{ABC42254-E13C-4EE2-B2F0-0AADC4D96636}.Release|x86.Build.0 = Release|Any CPU
		{7B11F787-75AB-496B-B510-53475B5C4E8E}.Debug|Any CPU.ActiveCfg = Debug|Any CPU
		{7B11F787-75AB-496B-B510-53475B5C4E8E}.Debug|Any CPU.Build.0 = Debug|Any CPU
		{7B11F787-75AB-496B-B510-53475B5C4E8E}.Debug|x64.ActiveCfg = Debug|Any CPU
		{7B11F787-75AB-496B-B510-53475B5C4E8E}.Debug|x64.Build.0 = Debug|Any CPU
		{7B11F787-75AB-496B-B510-53475B5C4E8E}.Debug|x86.ActiveCfg = Debug|Any CPU
		{7B11F787-75AB-496B-B510-53475B5C4E8E}.Debug|x86.Build.0 = Debug|Any CPU
		{7B11F787-75AB-496B-B510-53475B5C4E8E}.Release|Any CPU.ActiveCfg = Release|Any CPU
		{7B11F787-75AB-496B-B510-53475B5C4E8E}.Release|Any CPU.Build.0 = Release|Any CPU
		{7B11F787-75AB-496B-B510-53475B5C4E8E}.Release|x64.ActiveCfg = Release|Any CPU
		{7B11F787-75AB-496B-B510-53475B5C4E8E}.Release|x64.Build.0 = Release|Any CPU
		{7B11F787-75AB-496B-B510-53475B5C4E8E}.Release|x86.ActiveCfg = Release|Any CPU
		{7B11F787-75AB-496B-B510-53475B5C4E8E}.Release|x86.Build.0 = Release|Any CPU
		{979A5BB8-D53C-4D1D-AB29-ADD7FACE25A2}.Debug|Any CPU.ActiveCfg = Debug|Any CPU
		{979A5BB8-D53C-4D1D-AB29-ADD7FACE25A2}.Debug|Any CPU.Build.0 = Debug|Any CPU
		{979A5BB8-D53C-4D1D-AB29-ADD7FACE25A2}.Debug|x64.ActiveCfg = Debug|Any CPU
		{979A5BB8-D53C-4D1D-AB29-ADD7FACE25A2}.Debug|x64.Build.0 = Debug|Any CPU
		{979A5BB8-D53C-4D1D-AB29-ADD7FACE25A2}.Debug|x86.ActiveCfg = Debug|Any CPU
		{979A5BB8-D53C-4D1D-AB29-ADD7FACE25A2}.Debug|x86.Build.0 = Debug|Any CPU
		{979A5BB8-D53C-4D1D-AB29-ADD7FACE25A2}.Release|Any CPU.ActiveCfg = Release|Any CPU
		{979A5BB8-D53C-4D1D-AB29-ADD7FACE25A2}.Release|Any CPU.Build.0 = Release|Any CPU
		{979A5BB8-D53C-4D1D-AB29-ADD7FACE25A2}.Release|x64.ActiveCfg = Release|Any CPU
		{979A5BB8-D53C-4D1D-AB29-ADD7FACE25A2}.Release|x64.Build.0 = Release|Any CPU
		{979A5BB8-D53C-4D1D-AB29-ADD7FACE25A2}.Release|x86.ActiveCfg = Release|Any CPU
		{979A5BB8-D53C-4D1D-AB29-ADD7FACE25A2}.Release|x86.Build.0 = Release|Any CPU
	EndGlobalSection
	GlobalSection(SolutionProperties) = preSolution
		HideSolutionNode = FALSE
	EndGlobalSection
	GlobalSection(ExtensibilityGlobals) = postSolution
		SolutionGuid = {72A0FC51-5107-4821-A9C2-27A104DC76C8}
	EndGlobalSection
EndGlobal
