
Microsoft Visual Studio Solution File, Format Version 12.00
# Visual Studio 15
VisualStudioVersion = 15.0.28307.168
MinimumVisualStudioVersion = 10.0.40219.1
Project("{9A19103F-16F7-4668-BE54-9A1E7A4F7556}") = "CSYetiTools", "CSYetiTools.csproj", "{7C3E8024-B144-41CC-8DE5-4412529BDDAF}"
EndProject
Global
	GlobalSection(SolutionConfigurationPlatforms) = preSolution
		Debug|Any CPU = Debug|Any CPU
		Release|Any CPU = Release|Any CPU
	EndGlobalSection
	GlobalSection(ProjectConfigurationPlatforms) = postSolution
		{7C3E8024-B144-41CC-8DE5-4412529BDDAF}.Debug|Any CPU.ActiveCfg = Debug|Any CPU
		{7C3E8024-B144-41CC-8DE5-4412529BDDAF}.Debug|Any CPU.Build.0 = Debug|Any CPU
		{7C3E8024-B144-41CC-8DE5-4412529BDDAF}.Release|Any CPU.ActiveCfg = Release|Any CPU
		{7C3E8024-B144-41CC-8DE5-4412529BDDAF}.Release|Any CPU.Build.0 = Release|Any CPU
	EndGlobalSection
	GlobalSection(SolutionProperties) = preSolution
		HideSolutionNode = FALSE
	EndGlobalSection
	GlobalSection(ExtensibilityGlobals) = postSolution
		SolutionGuid = {BAA3DDB3-AC54-432D-AC82-2F88E416E925}
	EndGlobalSection
EndGlobal
